
Microsoft Visual Studio Solution File, Format Version 12.00
# Visual Studio Version 17
VisualStudioVersion = 17.2.32526.322
MinimumVisualStudioVersion = 10.0.40219.1
Project("{FAE04EC0-301F-11D3-BF4B-00C04F79EFBC}") = "Specflow.Sample", "Specflow.Sample\Specflow.Sample.csproj", "{A09A2485-BCC5-4282-8291-475AC3315BDC}"
EndProject
Global
	GlobalSection(SolutionConfigurationPlatforms) = preSolution
		Debug|Any CPU = Debug|Any CPU
		Release|Any CPU = Release|Any CPU
	EndGlobalSection
	GlobalSection(ProjectConfigurationPlatforms) = postSolution
		{A09A2485-BCC5-4282-8291-475AC3315BDC}.Debug|Any CPU.ActiveCfg = Debug|Any CPU
		{A09A2485-BCC5-4282-8291-475AC3315BDC}.Debug|Any CPU.Build.0 = Debug|Any CPU
		{A09A2485-BCC5-4282-8291-475AC3315BDC}.Release|Any CPU.ActiveCfg = Release|Any CPU
		{A09A2485-BCC5-4282-8291-475AC3315BDC}.Release|Any CPU.Build.0 = Release|Any CPU
	EndGlobalSection
	GlobalSection(SolutionProperties) = preSolution
		HideSolutionNode = FALSE
	EndGlobalSection
	GlobalSection(ExtensibilityGlobals) = postSolution
		SolutionGuid = {E9F9C790-1F37-4C5F-A3F3-FA065515A8E7}
	EndGlobalSection
EndGlobal
